<?xml version="1.0" encoding="utf-8"?>
<Project ToolsVersion="4.0" xmlns="http://schemas.microsoft.com/developer/msbuild/2003">
  <ItemGroup>
    <Filter Include="Source Files">
      <UniqueIdentifier>{4FC737F1-C7A5-4376-A066-2A32D752A2FF}</UniqueIdentifier>
      <Extensions>cpp;c;cc;cxx;c++;cppm;ixx;def;odl;idl;hpj;bat;asm;asmx</Extensions>
    </Filter>
    <Filter Include="Header Files">
      <UniqueIdentifier>{93995380-89BD-4b04-88EB-625FBE52EBFB}</UniqueIdentifier>
      <Extensions>h;hh;hpp;hxx;h++;hm;inl;inc;ipp;xsd</Extensions>
    </Filter>
    <Filter Include="Resource Files">
      <UniqueIdentifier>{67DA6AB6-F800-4c08-8B7A-83BB121AAD01}</UniqueIdentifier>
      <Extensions>rc;ico;cur;bmp;dlg;rc2;rct;bin;rgs;gif;jpg;jpeg;jpe;resx;tiff;tif;png;wav;mfcribbon-ms</Extensions>
    </Filter>
    <Filter Include="Source Files\Engine">
      <UniqueIdentifier>{8923e1ec-fb1d-4a9b-9f39-d46b6effc659}</UniqueIdentifier>
    </Filter>
    <Filter Include="Source Files\Engine\Systems">
      <UniqueIdentifier>{8cf85346-c9a1-47e6-9bc3-34c1421ecc06}</UniqueIdentifier>
    </Filter>
    <Filter Include="Source Files\Engine\Managers">
      <UniqueIdentifier>{4ce19bdf-a226-47ac-8cda-d1606c0eeb6e}</UniqueIdentifier>
    </Filter>
    <Filter Include="Source Files\Engine\Scenes">
      <UniqueIdentifier>{94c32e91-5949-4405-b99d-8b9a6727d676}</UniqueIdentifier>
    </Filter>
    <Filter Include="Source Files\Engine\Components">
      <UniqueIdentifier>{59776547-084a-4e1c-9ba0-8bd39b743b6c}</UniqueIdentifier>
    </Filter>
    <Filter Include="Header Files\Engine">
      <UniqueIdentifier>{4fe86ddb-9a16-4127-a255-8cd5af566904}</UniqueIdentifier>
    </Filter>
    <Filter Include="Header Files\Engine\Components">
      <UniqueIdentifier>{ce4c140f-d332-4122-a851-29025cac26cf}</UniqueIdentifier>
    </Filter>
    <Filter Include="Header Files\Engine\Managers">
      <UniqueIdentifier>{fb8fd4f1-2c0d-4e23-ab62-f72fd78c5d51}</UniqueIdentifier>
    </Filter>
    <Filter Include="Header Files\Engine\Scenes">
      <UniqueIdentifier>{73f21fcc-e4fa-476b-b863-96157b0a1c2a}</UniqueIdentifier>
    </Filter>
    <Filter Include="Header Files\Engine\Systems">
      <UniqueIdentifier>{af6b515d-d520-48ce-b102-f58237195829}</UniqueIdentifier>
    </Filter>
    <Filter Include="Source Files\Game">
      <UniqueIdentifier>{9677f4e1-14fa-4625-a33f-76845ebb6fc6}</UniqueIdentifier>
    </Filter>
    <Filter Include="Header Files\Game">
      <UniqueIdentifier>{abc1d0a2-7cd0-489c-b0f7-c8e2b3e504c8}</UniqueIdentifier>
    </Filter>
    <Filter Include="Source Files\Game\Managers">
      <UniqueIdentifier>{b8d48292-cbcb-4079-a666-43cbf1a420dc}</UniqueIdentifier>
    </Filter>
    <Filter Include="Source Files\Game\Scenes">
      <UniqueIdentifier>{4cefeaf9-45c9-421d-be00-aa7284111b5d}</UniqueIdentifier>
    </Filter>
    <Filter Include="Header Files\Game\Managers">
      <UniqueIdentifier>{00a904db-68ba-482f-9b1f-54b01975cf5f}</UniqueIdentifier>
    </Filter>
    <Filter Include="Header Files\Game\Scenes">
      <UniqueIdentifier>{fba4d923-a0ed-4c22-a40a-8bff095a1702}</UniqueIdentifier>
    </Filter>
    <Filter Include="Source Files\Engine\Shaders">
      <UniqueIdentifier>{b1b0f24f-ed49-41b4-bed5-4b76d678d9b2}</UniqueIdentifier>
    </Filter>
    <Filter Include="Source Files\Engine\Utility">
      <UniqueIdentifier>{db5142c4-9d07-43e1-a287-2a2dfd7dc70f}</UniqueIdentifier>
    </Filter>
    <Filter Include="Header Files\Engine\Utility">
      <UniqueIdentifier>{c14a281b-407e-47e2-8010-c3c39a632926}</UniqueIdentifier>
    </Filter>
    <Filter Include="Header Files\Engine\Constraints">
      <UniqueIdentifier>{e9644799-32c7-48d0-8add-b77d5efede9e}</UniqueIdentifier>
    </Filter>
    <Filter Include="Source Files\Engine\Constraints">
      <UniqueIdentifier>{54844653-d125-44c1-bcef-66f0fdea0871}</UniqueIdentifier>
    </Filter>
    <Filter Include="Header Files\Engine\Utility\UI">
      <UniqueIdentifier>{05682c5e-e163-43eb-b5b8-f32221263d0a}</UniqueIdentifier>
    </Filter>
    <Filter Include="Source Files\Engine\Utility\UI">
      <UniqueIdentifier>{3e5a9899-c009-4c50-a600-5a56c31b1d3a}</UniqueIdentifier>
    </Filter>
    <Filter Include="Header Files\Engine\Utility\Animation">
      <UniqueIdentifier>{a71ef7a0-a0bd-4fa8-bb76-0beb8622314e}</UniqueIdentifier>
    </Filter>
    <Filter Include="Source Files\Engine\Utility\Animation">
      <UniqueIdentifier>{7c38d609-217a-48de-a473-48874dd25d1f}</UniqueIdentifier>
    </Filter>
  </ItemGroup>
  <ItemGroup>
    <ClInclude Include="Entity.h">
      <Filter>Header Files\Engine\Utility</Filter>
    </ClInclude>
    <ClInclude Include="ComponentTransform.h">
      <Filter>Header Files\Engine\Components</Filter>
    </ClInclude>
    <ClInclude Include="Component.h">
      <Filter>Header Files\Engine\Components</Filter>
    </ClInclude>
    <ClInclude Include="EntityManager.h">
      <Filter>Header Files\Engine\Managers</Filter>
    </ClInclude>
    <ClInclude Include="SceneManager.h">
      <Filter>Header Files\Engine\Managers</Filter>
    </ClInclude>
    <ClInclude Include="SystemManager.h">
      <Filter>Header Files\Engine\Managers</Filter>
    </ClInclude>
    <ClInclude Include="Scene.h">
      <Filter>Header Files\Engine\Scenes</Filter>
    </ClInclude>
    <ClInclude Include="System.h">
      <Filter>Header Files\Engine\Systems</Filter>
    </ClInclude>
    <ClInclude Include="SystemPhysics.h">
      <Filter>Header Files\Engine\Systems</Filter>
    </ClInclude>
    <ClInclude Include="ComponentVelocity.h">
      <Filter>Header Files\Engine\Components</Filter>
    </ClInclude>
    <ClInclude Include="GameSceneManager.h">
      <Filter>Header Files\Game\Managers</Filter>
    </ClInclude>
    <ClInclude Include="GameScene.h">
      <Filter>Header Files\Game\Scenes</Filter>
    </ClInclude>
    <ClInclude Include="MainMenu.h">
      <Filter>Header Files\Game\Scenes</Filter>
    </ClInclude>
    <ClInclude Include="InputManager.h">
      <Filter>Header Files\Engine\Managers</Filter>
    </ClInclude>
    <ClInclude Include="GameInputManager.h">
      <Filter>Header Files\Game\Managers</Filter>
    </ClInclude>
    <ClInclude Include="SystemRender.h">
      <Filter>Header Files\Engine\Systems</Filter>
    </ClInclude>
    <ClInclude Include="ComponentGeometry.h">
      <Filter>Header Files\Engine\Components</Filter>
    </ClInclude>
    <ClInclude Include="Model.h">
      <Filter>Header Files\Engine\Utility</Filter>
    </ClInclude>
    <ClInclude Include="Mesh.h">
      <Filter>Header Files\Engine\Utility</Filter>
    </ClInclude>
    <ClInclude Include="Shader.h">
      <Filter>Header Files\Engine\Utility</Filter>
    </ClInclude>
    <ClInclude Include="stb_image.h">
      <Filter>Header Files\Engine</Filter>
    </ClInclude>
    <ClInclude Include="Camera.h">
      <Filter>Header Files\Engine\Utility</Filter>
    </ClInclude>
    <ClInclude Include="ResourceManager.h">
      <Filter>Header Files\Engine\Managers</Filter>
    </ClInclude>
    <ClInclude Include="LightManager.h">
      <Filter>Header Files\Engine\Managers</Filter>
    </ClInclude>
    <ClInclude Include="ComponentLight.h">
      <Filter>Header Files\Engine\Components</Filter>
    </ClInclude>
    <ClInclude Include="RenderManager.h">
      <Filter>Header Files\Engine\Managers</Filter>
    </ClInclude>
    <ClInclude Include="SystemShadowMapping.h">
      <Filter>Header Files\Engine\Systems</Filter>
    </ClInclude>
    <ClInclude Include="SponzaScene.h">
      <Filter>Header Files\Game\Scenes</Filter>
    </ClInclude>
    <ClInclude Include="RenderPipeline.h">
      <Filter>Header Files\Engine\Utility</Filter>
    </ClInclude>
    <ClInclude Include="ForwardPipeline.h">
      <Filter>Header Files\Engine\Utility</Filter>
    </ClInclude>
    <ClInclude Include="DeferredPipeline.h">
      <Filter>Header Files\Engine\Utility</Filter>
    </ClInclude>
    <ClInclude Include="AOScene.h">
      <Filter>Header Files\Game\Scenes</Filter>
    </ClInclude>
    <ClInclude Include="PBRScene.h">
      <Filter>Header Files\Game\Scenes</Filter>
    </ClInclude>
    <ClInclude Include="CollisionScene.h">
      <Filter>Header Files\Game\Scenes</Filter>
    </ClInclude>
    <ClInclude Include="ComponentCollision.h">
      <Filter>Header Files\Engine\Components</Filter>
    </ClInclude>
    <ClInclude Include="ComponentCollisionAABB.h">
      <Filter>Header Files\Engine\Components</Filter>
    </ClInclude>
    <ClInclude Include="SystemCollisionAABB.h">
      <Filter>Header Files\Engine\Systems</Filter>
    </ClInclude>
    <ClInclude Include="SystemCollision.h">
      <Filter>Header Files\Engine\Systems</Filter>
    </ClInclude>
    <ClInclude Include="ComponentCollisionSphere.h">
      <Filter>Header Files\Engine\Components</Filter>
    </ClInclude>
    <ClInclude Include="SystemCollisionSphere.h">
      <Filter>Header Files\Engine\Systems</Filter>
    </ClInclude>
    <ClInclude Include="SystemCollisionSphereAABB.h">
      <Filter>Header Files\Engine\Systems</Filter>
    </ClInclude>
    <ClInclude Include="ComponentCollisionBox.h">
      <Filter>Header Files\Engine\Components</Filter>
    </ClInclude>
    <ClInclude Include="SystemCollisionBox.h">
      <Filter>Header Files\Engine\Systems</Filter>
    </ClInclude>
    <ClInclude Include="SystemCollisionBoxAABB.h">
      <Filter>Header Files\Engine\Systems</Filter>
    </ClInclude>
    <ClInclude Include="SystemCollisionSphereBox.h">
      <Filter>Header Files\Engine\Systems</Filter>
    </ClInclude>
    <ClInclude Include="ComponentPhysics.h">
      <Filter>Header Files\Engine\Components</Filter>
    </ClInclude>
    <ClInclude Include="PhysicsScene.h">
      <Filter>Header Files\Game\Scenes</Filter>
    </ClInclude>
    <ClInclude Include="CollisionManager.h">
      <Filter>Header Files\Engine\Managers</Filter>
    </ClInclude>
    <ClInclude Include="CollisionResolver.h">
      <Filter>Header Files\Engine\Systems</Filter>
    </ClInclude>
    <ClInclude Include="ConstraintManager.h">
      <Filter>Header Files\Engine\Managers</Filter>
    </ClInclude>
    <ClInclude Include="Constraint.h">
      <Filter>Header Files\Engine\Constraints</Filter>
    </ClInclude>
    <ClInclude Include="ConstraintPosition.h">
      <Filter>Header Files\Engine\Constraints</Filter>
    </ClInclude>
    <ClInclude Include="ConstraintSolver.h">
      <Filter>Header Files\Engine\Systems</Filter>
    </ClInclude>
    <ClInclude Include="ConstraintRotation.h">
      <Filter>Header Files\Engine\Constraints</Filter>
    </ClInclude>
    <ClInclude Include="InstanceScene.h">
      <Filter>Header Files\Game\Scenes</Filter>
    </ClInclude>
    <ClInclude Include="ComponentUICanvas.h">
      <Filter>Header Files\Engine\Components</Filter>
    </ClInclude>
    <ClInclude Include="TextFont.h">
      <Filter>Header Files\Engine\Utility\UI</Filter>
    </ClInclude>
    <ClInclude Include="UIElement.h">
      <Filter>Header Files\Engine\Utility\UI</Filter>
    </ClInclude>
    <ClInclude Include="UIText.h">
      <Filter>Header Files\Engine\Utility\UI</Filter>
    </ClInclude>
    <ClInclude Include="SystemUIRender.h">
      <Filter>Header Files\Engine\Systems</Filter>
    </ClInclude>
    <ClInclude Include="UIImage.h">
      <Filter>Header Files\Engine\Utility\UI</Filter>
    </ClInclude>
    <ClInclude Include="UIButton.h">
      <Filter>Header Files\Engine\Utility\UI</Filter>
    </ClInclude>
    <ClInclude Include="SystemUIMouseInteraction.h">
      <Filter>Header Files\Engine\Systems</Filter>
    </ClInclude>
    <ClInclude Include="UITextButton.h">
      <Filter>Header Files\Engine\Utility\UI</Filter>
    </ClInclude>
    <ClInclude Include="UIImageButton.h">
      <Filter>Header Files\Engine\Utility\UI</Filter>
    </ClInclude>
    <ClInclude Include="AnimationChannel.h">
      <Filter>Header Files\Engine\Utility\Animation</Filter>
    </ClInclude>
    <ClInclude Include="SkeletalAnimation.h">
      <Filter>Header Files\Engine\Utility\Animation</Filter>
    </ClInclude>
    <ClInclude Include="ComponentAnimator.h">
      <Filter>Header Files\Engine\Components</Filter>
    </ClInclude>
    <ClInclude Include="AnimationScene.h">
      <Filter>Header Files\Game\Scenes</Filter>
    </ClInclude>
    <ClInclude Include="SystemSkeletalAnimationUpdater.h">
      <Filter>Header Files\Engine\Systems</Filter>
    </ClInclude>
    <ClInclude Include="AudioScene.h">
      <Filter>Header Files\Game\Scenes</Filter>
    </ClInclude>
    <ClInclude Include="AudioFile.h">
      <Filter>Header Files\Engine\Utility</Filter>
    </ClInclude>
    <ClInclude Include="AudioManager.h">
      <Filter>Header Files\Engine\Managers</Filter>
    </ClInclude>
    <ClInclude Include="ComponentAudioSource.h">
      <Filter>Header Files\Engine\Components</Filter>
    </ClInclude>
    <ClInclude Include="SystemAudio.h">
      <Filter>Header Files\Engine\Systems</Filter>
    </ClInclude>
    <ClInclude Include="ParticleScene.h">
      <Filter>Header Files\Game\Scenes</Filter>
    </ClInclude>
    <ClInclude Include="ComponentParticleGenerator.h">
      <Filter>Header Files\Engine\Components</Filter>
    </ClInclude>
    <ClInclude Include="SystemParticleUpdater.h">
      <Filter>Header Files\Engine\Systems</Filter>
    </ClInclude>
    <ClInclude Include="SystemParticleRenderer.h">
      <Filter>Header Files\Engine\Systems</Filter>
    </ClInclude>
  </ItemGroup>
  <ItemGroup>
    <ClCompile Include="SystemManager.cpp">
      <Filter>Source Files\Engine\Managers</Filter>
    </ClCompile>
    <ClCompile Include="SceneManager.cpp">
      <Filter>Source Files\Engine\Managers</Filter>
    </ClCompile>
    <ClCompile Include="ComponentTransform.cpp">
      <Filter>Source Files\Engine\Components</Filter>
    </ClCompile>
    <ClCompile Include="Component.cpp">
      <Filter>Source Files\Engine\Components</Filter>
    </ClCompile>
    <ClCompile Include="Scene.cpp">
      <Filter>Source Files\Engine\Scenes</Filter>
    </ClCompile>
    <ClCompile Include="Entity.cpp">
      <Filter>Source Files\Engine\Utility</Filter>
    </ClCompile>
    <ClCompile Include="EntityManager.cpp">
      <Filter>Source Files\Engine\Managers</Filter>
    </ClCompile>
    <ClCompile Include="System.cpp">
      <Filter>Source Files\Engine\Systems</Filter>
    </ClCompile>
    <ClCompile Include="SystemPhysics.cpp">
      <Filter>Source Files\Engine\Systems</Filter>
    </ClCompile>
    <ClCompile Include="ComponentVelocity.cpp">
      <Filter>Source Files\Engine\Components</Filter>
    </ClCompile>
    <ClCompile Include="GameSceneManager.cpp">
      <Filter>Source Files\Game\Managers</Filter>
    </ClCompile>
    <ClCompile Include="GameScene.cpp">
      <Filter>Source Files\Game\Scenes</Filter>
    </ClCompile>
    <ClCompile Include="MainMenu.cpp">
      <Filter>Source Files\Game\Scenes</Filter>
    </ClCompile>
    <ClCompile Include="main.cpp">
      <Filter>Source Files\Game</Filter>
    </ClCompile>
    <ClCompile Include="InputManager.cpp">
      <Filter>Source Files\Engine\Managers</Filter>
    </ClCompile>
    <ClCompile Include="glad.c">
      <Filter>Source Files</Filter>
    </ClCompile>
    <ClCompile Include="GameInputManager.cpp">
      <Filter>Source Files\Game\Managers</Filter>
    </ClCompile>
    <ClCompile Include="SystemRender.cpp">
      <Filter>Source Files\Engine\Systems</Filter>
    </ClCompile>
    <ClCompile Include="ComponentGeometry.cpp">
      <Filter>Source Files\Engine\Components</Filter>
    </ClCompile>
    <ClCompile Include="Model.cpp">
      <Filter>Source Files\Engine\Utility</Filter>
    </ClCompile>
    <ClCompile Include="Mesh.cpp">
      <Filter>Source Files\Engine\Utility</Filter>
    </ClCompile>
    <ClCompile Include="Shader.cpp">
      <Filter>Source Files\Engine\Utility</Filter>
    </ClCompile>
    <ClCompile Include="stb_image.cpp">
      <Filter>Source Files\Engine</Filter>
    </ClCompile>
    <ClCompile Include="Camera.cpp">
      <Filter>Source Files\Engine\Utility</Filter>
    </ClCompile>
    <ClCompile Include="ResourceManager.cpp">
      <Filter>Source Files\Engine\Managers</Filter>
    </ClCompile>
    <ClCompile Include="LightManager.cpp">
      <Filter>Source Files\Engine\Managers</Filter>
    </ClCompile>
    <ClCompile Include="ComponentLight.cpp">
      <Filter>Source Files\Engine\Components</Filter>
    </ClCompile>
    <ClCompile Include="RenderManager.cpp">
      <Filter>Source Files\Engine\Managers</Filter>
    </ClCompile>
    <ClCompile Include="SystemShadowMapping.cpp">
      <Filter>Source Files\Engine\Systems</Filter>
    </ClCompile>
    <ClCompile Include="SponzaScene.cpp">
      <Filter>Source Files\Game\Scenes</Filter>
    </ClCompile>
    <ClCompile Include="RenderPipeline.cpp">
      <Filter>Source Files\Engine\Utility</Filter>
    </ClCompile>
    <ClCompile Include="ForwardPipeline.cpp">
      <Filter>Source Files\Engine\Utility</Filter>
    </ClCompile>
    <ClCompile Include="DeferredPipeline.cpp">
      <Filter>Source Files\Engine\Utility</Filter>
    </ClCompile>
    <ClCompile Include="AOScene.cpp">
      <Filter>Source Files\Game\Scenes</Filter>
    </ClCompile>
    <ClCompile Include="PBRScene.cpp">
      <Filter>Source Files\Game\Scenes</Filter>
    </ClCompile>
    <ClCompile Include="CollisionScene.cpp">
      <Filter>Source Files\Game\Scenes</Filter>
    </ClCompile>
    <ClCompile Include="ComponentCollision.cpp">
      <Filter>Source Files\Engine\Components</Filter>
    </ClCompile>
    <ClCompile Include="ComponentCollisionAABB.cpp">
      <Filter>Source Files\Engine\Components</Filter>
    </ClCompile>
    <ClCompile Include="SystemCollisionAABB.cpp">
      <Filter>Source Files\Engine\Systems</Filter>
    </ClCompile>
    <ClCompile Include="SystemCollision.cpp">
      <Filter>Source Files\Engine\Systems</Filter>
    </ClCompile>
    <ClCompile Include="ComponentCollisionSphere.cpp">
      <Filter>Source Files\Engine\Components</Filter>
    </ClCompile>
    <ClCompile Include="SystemCollisionSphere.cpp">
      <Filter>Source Files\Engine\Systems</Filter>
    </ClCompile>
    <ClCompile Include="SystemCollisionSphereAABB.cpp">
      <Filter>Source Files\Engine\Systems</Filter>
    </ClCompile>
    <ClCompile Include="ComponentCollisionBox.cpp">
      <Filter>Source Files\Engine\Components</Filter>
    </ClCompile>
    <ClCompile Include="SystemCollisionBox.cpp">
      <Filter>Source Files\Engine\Systems</Filter>
    </ClCompile>
    <ClCompile Include="SystemCollisionBoxAABB.cpp">
      <Filter>Source Files\Engine\Systems</Filter>
    </ClCompile>
    <ClCompile Include="SystemCollisionSphereBox.cpp">
      <Filter>Source Files\Engine\Systems</Filter>
    </ClCompile>
    <ClCompile Include="ComponentPhysics.cpp">
      <Filter>Source Files\Engine\Components</Filter>
    </ClCompile>
    <ClCompile Include="PhysicsScene.cpp">
      <Filter>Source Files\Game\Scenes</Filter>
    </ClCompile>
    <ClCompile Include="CollisionManager.cpp">
      <Filter>Source Files\Engine\Managers</Filter>
    </ClCompile>
    <ClCompile Include="CollisionResolver.cpp">
      <Filter>Source Files\Engine\Systems</Filter>
    </ClCompile>
    <ClCompile Include="ConstraintManager.cpp">
      <Filter>Source Files\Engine\Managers</Filter>
    </ClCompile>
    <ClCompile Include="Constraint.cpp">
      <Filter>Source Files\Engine\Constraints</Filter>
    </ClCompile>
    <ClCompile Include="ConstraintPosition.cpp">
      <Filter>Source Files\Engine\Constraints</Filter>
    </ClCompile>
    <ClCompile Include="ConstraintSolver.cpp">
      <Filter>Source Files\Engine\Systems</Filter>
    </ClCompile>
    <ClCompile Include="ConstraintRotation.cpp">
      <Filter>Source Files\Engine\Constraints</Filter>
    </ClCompile>
    <ClCompile Include="InstanceScene.cpp">
      <Filter>Source Files\Game\Scenes</Filter>
    </ClCompile>
    <ClCompile Include="ComponentUICanvas.cpp">
      <Filter>Source Files\Engine\Components</Filter>
    </ClCompile>
    <ClCompile Include="TextFont.cpp">
      <Filter>Source Files\Engine\Utility\UI</Filter>
    </ClCompile>
    <ClCompile Include="UIElement.cpp">
      <Filter>Source Files\Engine\Utility\UI</Filter>
    </ClCompile>
    <ClCompile Include="UIText.cpp">
      <Filter>Source Files\Engine\Utility\UI</Filter>
    </ClCompile>
    <ClCompile Include="SystemUIRender.cpp">
      <Filter>Source Files\Engine\Systems</Filter>
    </ClCompile>
    <ClCompile Include="UIImage.cpp">
      <Filter>Source Files\Engine\Utility\UI</Filter>
    </ClCompile>
    <ClCompile Include="UIButton.cpp">
      <Filter>Source Files\Engine\Utility\UI</Filter>
    </ClCompile>
    <ClCompile Include="SystemUIMouseInteraction.cpp">
      <Filter>Source Files\Engine\Systems</Filter>
    </ClCompile>
    <ClCompile Include="UITextButton.cpp">
      <Filter>Source Files\Engine\Utility\UI</Filter>
    </ClCompile>
    <ClCompile Include="UIImageButton.cpp">
      <Filter>Source Files\Engine\Utility\UI</Filter>
    </ClCompile>
    <ClCompile Include="AnimationChannel.cpp">
      <Filter>Source Files\Engine\Utility\Animation</Filter>
    </ClCompile>
    <ClCompile Include="SkeletalAnimation.cpp">
      <Filter>Source Files\Engine\Utility\Animation</Filter>
    </ClCompile>
    <ClCompile Include="ComponentAnimator.cpp">
      <Filter>Source Files\Engine\Components</Filter>
    </ClCompile>
    <ClCompile Include="AnimationScene.cpp">
      <Filter>Source Files\Game\Scenes</Filter>
    </ClCompile>
    <ClCompile Include="SystemSkeletalAnimationUpdater.cpp">
      <Filter>Source Files\Engine\Systems</Filter>
    </ClCompile>
    <ClCompile Include="AudioScene.cpp">
      <Filter>Source Files\Game\Scenes</Filter>
    </ClCompile>
    <ClCompile Include="AudioFile.cpp">
      <Filter>Source Files\Engine\Utility</Filter>
    </ClCompile>
    <ClCompile Include="AudioManager.cpp">
      <Filter>Source Files\Engine\Managers</Filter>
    </ClCompile>
    <ClCompile Include="ComponentAudioSource.cpp">
      <Filter>Source Files\Engine\Components</Filter>
    </ClCompile>
    <ClCompile Include="SystemAudio.cpp">
      <Filter>Source Files\Engine\Systems</Filter>
    </ClCompile>
    <ClCompile Include="ParticleScene.cpp">
      <Filter>Source Files\Game\Scenes</Filter>
    </ClCompile>
    <ClCompile Include="ComponentParticleGenerator.cpp">
      <Filter>Source Files\Engine\Components</Filter>
    </ClCompile>
    <ClCompile Include="SystemParticleUpdater.cpp">
      <Filter>Source Files\Engine\Systems</Filter>
    </ClCompile>
    <ClCompile Include="SystemParticleRenderer.cpp">
      <Filter>Source Files\Engine\Systems</Filter>
    </ClCompile>
  </ItemGroup>
  <ItemGroup>
    <None Include="Shaders\defaultLit.frag">
      <Filter>Source Files\Engine\Shaders</Filter>
    </None>
    <None Include="Shaders\defaultLit.vert">
      <Filter>Source Files\Engine\Shaders</Filter>
    </None>
    <None Include="Shaders\defaultLit_pbr.frag">
      <Filter>Source Files\Engine\Shaders</Filter>
    </None>
    <None Include="Shaders\defaultLit_pbr.vert">
      <Filter>Source Files\Engine\Shaders</Filter>
    </None>
    <None Include="Shaders\depthMap.frag">
      <Filter>Source Files\Engine\Shaders</Filter>
    </None>
    <None Include="Shaders\depthMap.vert">
      <Filter>Source Files\Engine\Shaders</Filter>
    </None>
    <None Include="Shaders\defaultLitNew.frag">
      <Filter>Source Files\Engine\Shaders</Filter>
    </None>
    <None Include="Shaders\defaultLitNew.vert">
      <Filter>Source Files\Engine\Shaders</Filter>
    </None>
    <None Include="Shaders\cubeDepthMap.vert">
      <Filter>Source Files\Engine\Shaders</Filter>
    </None>
    <None Include="Shaders\cubeDepthMap.frag">
      <Filter>Source Files\Engine\Shaders</Filter>
    </None>
    <None Include="Shaders\cubeDepthMap.geom">
      <Filter>Source Files\Engine\Shaders</Filter>
    </None>
    <None Include="Shaders\screenQuad.vert">
      <Filter>Source Files\Engine\Shaders</Filter>
    </None>
    <None Include="Shaders\screenQuad.frag">
      <Filter>Source Files\Engine\Shaders</Filter>
    </None>
    <None Include="Shaders\g_buffer.vert">
      <Filter>Source Files\Engine\Shaders</Filter>
    </None>
    <None Include="Shaders\g_buffer.frag">
      <Filter>Source Files\Engine\Shaders</Filter>
    </None>
    <None Include="Shaders\defaultDeferred.vert">
      <Filter>Source Files\Engine\Shaders</Filter>
    </None>
    <None Include="Shaders\defaultDeferred.frag">
      <Filter>Source Files\Engine\Shaders</Filter>
    </None>
    <None Include="Shaders\ssao.vert">
      <Filter>Source Files\Engine\Shaders</Filter>
    </None>
    <None Include="Shaders\ssao.frag">
      <Filter>Source Files\Engine\Shaders</Filter>
    </None>
    <None Include="Shaders\ssaoBlur.frag">
      <Filter>Source Files\Engine\Shaders</Filter>
    </None>
    <None Include="Shaders\skybox.vert">
      <Filter>Source Files\Engine\Shaders</Filter>
    </None>
    <None Include="Shaders\skybox.frag">
      <Filter>Source Files\Engine\Shaders</Filter>
    </None>
    <None Include="Shaders\hdrTonemapping.frag">
      <Filter>Source Files\Engine\Shaders</Filter>
    </None>
    <None Include="Shaders\bloomBlur.vert">
      <Filter>Source Files\Engine\Shaders</Filter>
    </None>
    <None Include="Shaders\bloomBlur.frag">
      <Filter>Source Files\Engine\Shaders</Filter>
    </None>
    <None Include="Shaders\convertToCubemap.vert">
      <Filter>Source Files\Engine\Shaders</Filter>
    </None>
    <None Include="Shaders\convertToCubemap.frag">
      <Filter>Source Files\Engine\Shaders</Filter>
    </None>
    <None Include="Shaders\irradianceConvolute.frag">
      <Filter>Source Files\Engine\Shaders</Filter>
    </None>
    <None Include="Shaders\prefilter.frag">
      <Filter>Source Files\Engine\Shaders</Filter>
    </None>
    <None Include="Shaders\brdf.vert">
      <Filter>Source Files\Engine\Shaders</Filter>
    </None>
    <None Include="Shaders\brdf.frag">
      <Filter>Source Files\Engine\Shaders</Filter>
    </None>
    <None Include="Shaders\g_bufferPBR.frag">
      <Filter>Source Files\Engine\Shaders</Filter>
    </None>
    <None Include="Shaders\defaultDeferredPBR.frag">
      <Filter>Source Files\Engine\Shaders</Filter>
    </None>
    <None Include="Shaders\defaultText.vert">
      <Filter>Source Files\Engine\Shaders</Filter>
    </None>
    <None Include="Shaders\defaultText.frag">
      <Filter>Source Files\Engine\Shaders</Filter>
    </None>
    <None Include="Shaders\defaultImage.vert">
      <Filter>Source Files\Engine\Shaders</Filter>
    </None>
    <None Include="Shaders\defaultImage.frag">
      <Filter>Source Files\Engine\Shaders</Filter>
    </None>
    <None Include="irrKlang.dll" />
    <None Include="Shaders\particles.vert">
      <Filter>Source Files\Engine\Shaders</Filter>
    </None>
    <None Include="Shaders\particles.frag">
      <Filter>Source Files\Engine\Shaders</Filter>
    </None>
    <None Include="Shaders\pointParticles.geom">
      <Filter>Source Files\Engine\Shaders</Filter>
    </None>
    <None Include="Shaders\pointParticles.vert">
      <Filter>Source Files\Engine\Shaders</Filter>
    </None>
    <None Include="Shaders\advBloomDownsample.frag">
      <Filter>Source Files\Engine\Shaders</Filter>
    </None>
    <None Include="Shaders\advBloomUpsample.frag">
      <Filter>Source Files\Engine\Shaders</Filter>
    </None>
    <None Include="Shaders\advBloomCombine.frag">
      <Filter>Source Files\Engine\Shaders</Filter>
    </None>
  </ItemGroup>
</Project>