<?xml version="1.0" encoding="utf-8"?>
<Project ToolsVersion="4.0" xmlns="http://schemas.microsoft.com/developer/msbuild/2003">
  <ItemGroup>
    <Filter Include="PaulEngine">
      <UniqueIdentifier>{4DBABEB8-3972-0006-A279-D9618E509BF6}</UniqueIdentifier>
    </Filter>
  </ItemGroup>
  <ItemGroup>
    <ClInclude Include="src\PaulEngine.h" />
    <ClInclude Include="src\PaulEngine\Application.h">
      <Filter>PaulEngine</Filter>
    </ClInclude>
    <ClInclude Include="src\PaulEngine\Core.h">
      <Filter>PaulEngine</Filter>
    </ClInclude>
    <ClInclude Include="src\PaulEngine\EntryPoint.h">
      <Filter>PaulEngine</Filter>
    </ClInclude>
    <ClInclude Include="src\PaulEngine\Log.h">
      <Filter>PaulEngine</Filter>
    </ClInclude>
    <ClInclude Include="src\PaulEngine\Events\Event.h" />
  </ItemGroup>
  <ItemGroup>
    <ClCompile Include="src\PaulEngine\Application.cpp">
      <Filter>PaulEngine</Filter>
    </ClCompile>
    <ClCompile Include="src\PaulEngine\Log.cpp">
      <Filter>PaulEngine</Filter>
    </ClCompile>
  </ItemGroup>
</Project>