<?xml version="1.0" encoding="utf-8"?>
<Project ToolsVersion="4.0" xmlns="http://schemas.microsoft.com/developer/msbuild/2003">
  <ItemGroup>
    <Filter Include="PaulEngine">
      <UniqueIdentifier>{4DBABEB8-3972-0006-A279-D9618E509BF6}</UniqueIdentifier>
    </Filter>
    <Filter Include="PaulEngine\Events">
      <UniqueIdentifier>{912DEC66-FD43-EAFC-46BB-751EB210BB84}</UniqueIdentifier>
    </Filter>
    <Filter Include="PaulEngine\ImGui">
      <UniqueIdentifier>{37F5AE39-23EE-CD8B-4C20-B3103878AD97}</UniqueIdentifier>
    </Filter>
    <Filter Include="Platform">
      <UniqueIdentifier>{2AC788B4-1694-E3BF-3FAD-D1672BD9184E}</UniqueIdentifier>
    </Filter>
    <Filter Include="Platform\Windows">
      <UniqueIdentifier>{64FBD71A-50F4-F66C-7926-DCF1657ED678}</UniqueIdentifier>
    </Filter>
  </ItemGroup>
  <ItemGroup>
    <ClInclude Include="src\PaulEngine.h" />
    <ClInclude Include="src\PaulEngine\Application.h">
      <Filter>PaulEngine</Filter>
    </ClInclude>
    <ClInclude Include="src\PaulEngine\Core.h">
      <Filter>PaulEngine</Filter>
    </ClInclude>
    <ClInclude Include="src\PaulEngine\EntryPoint.h">
      <Filter>PaulEngine</Filter>
    </ClInclude>
    <ClInclude Include="src\PaulEngine\Events\ApplicationEvent.h">
      <Filter>PaulEngine\Events</Filter>
    </ClInclude>
    <ClInclude Include="src\PaulEngine\Events\Event.h">
      <Filter>PaulEngine\Events</Filter>
    </ClInclude>
    <ClInclude Include="src\PaulEngine\Events\KeyEvent.h">
      <Filter>PaulEngine\Events</Filter>
    </ClInclude>
    <ClInclude Include="src\PaulEngine\Events\MouseEvent.h">
      <Filter>PaulEngine\Events</Filter>
    </ClInclude>
    <ClInclude Include="src\PaulEngine\ImGui\ImGuiLayer.h">
      <Filter>PaulEngine\ImGui</Filter>
    </ClInclude>
    <ClInclude Include="src\PaulEngine\Layer.h">
      <Filter>PaulEngine</Filter>
    </ClInclude>
    <ClInclude Include="src\PaulEngine\LayerStack.h">
      <Filter>PaulEngine</Filter>
    </ClInclude>
    <ClInclude Include="src\PaulEngine\Log.h">
      <Filter>PaulEngine</Filter>
    </ClInclude>
    <ClInclude Include="src\PaulEngine\Window.h">
      <Filter>PaulEngine</Filter>
    </ClInclude>
    <ClInclude Include="src\Platform\Windows\WindowsWindow.h">
      <Filter>Platform\Windows</Filter>
    </ClInclude>
    <ClInclude Include="src\pepch.h" />
  </ItemGroup>
  <ItemGroup>
    <ClCompile Include="src\PaulEngine\Application.cpp">
      <Filter>PaulEngine</Filter>
    </ClCompile>
    <ClCompile Include="src\PaulEngine\ImGui\ImGuiLayer.cpp">
      <Filter>PaulEngine\ImGui</Filter>
    </ClCompile>
    <ClCompile Include="src\PaulEngine\Layer.cpp">
      <Filter>PaulEngine</Filter>
    </ClCompile>
    <ClCompile Include="src\PaulEngine\LayerStack.cpp">
      <Filter>PaulEngine</Filter>
    </ClCompile>
    <ClCompile Include="src\PaulEngine\Log.cpp">
      <Filter>PaulEngine</Filter>
    </ClCompile>
    <ClCompile Include="src\Platform\Windows\WindowsWindow.cpp">
      <Filter>Platform\Windows</Filter>
    </ClCompile>
    <ClCompile Include="src\pepch.cpp" />
  </ItemGroup>
</Project>